{
  "originHash" : "8cc0788e8fb883c052bf09d248dea1902e4dd97a4e3277f39ff349c44f699fb1",
  "pins" : [
    {
      "identity" : "clockhandrotationkit",
      "kind" : "remoteSourceControl",
      "location" : "https://github.com/octree/ClockHandRotationKit",
      "state" : {
        "revision" : "58f85229b7912fde0eba68626b31c989956be374",
        "version" : "1.0.0"
      }
    }
  ],
  "version" : 3
}
